
Microsoft Visual Studio Solution File, Format Version 12.00
# Visual Studio Version 17
VisualStudioVersion = 17.10.35027.167
MinimumVisualStudioVersion = 10.0.40219.1
Project("{9A19103F-16F7-4668-BE54-9A1E7A4F7556}") = "ExpenseTracker.Api", "ExpenseTracker.Api\ExpenseTracker.Api.csproj", "{E6833E83-F0B2-47C3-AD8F-7E1BB1210CD9}"
EndProject
Project("{9A19103F-16F7-4668-BE54-9A1E7A4F7556}") = "ExpenseTracker.Domain", "ExpenseTracker.Domain\ExpenseTracker.Domain.csproj", "{50740F59-1216-490C-982C-D81CE362874F}"
EndProject
Project("{FAE04EC0-301F-11D3-BF4B-00C04F79EFBC}") = "ExpenseTracker.Infrastructure", "ExpenseTracker.Infrastructure\ExpenseTracker.Infrastructure.csproj", "{6A4A75C3-D9F3-4227-9B51-A2320FC71AF4}"
EndProject
Project("{FAE04EC0-301F-11D3-BF4B-00C04F79EFBC}") = "ExpenseTracker.Application", "ExpenseTracker.Application\ExpenseTracker.Application.csproj", "{177D4E02-8F67-44C9-8B73-8E8581EBFB25}"
EndProject
Project("{2150E333-8FDC-42A3-9474-1A3956D46DE8}") = "Tests", "Tests", "{1CF993A4-C6AA-4C08-9BB6-C2CDEAB40BB6}"
EndProject
Project("{FAE04EC0-301F-11D3-BF4B-00C04F79EFBC}") = "ExpenseTracker.Tests.Unit", "Tests\ExpenseTracker.Tests.Unit\ExpenseTracker.Tests.Unit\ExpenseTracker.Tests.Unit.csproj", "{D74CF1BF-450E-46C1-8EEF-E70C91F050C2}"
EndProject
Global
	GlobalSection(SolutionConfigurationPlatforms) = preSolution
		Debug|Any CPU = Debug|Any CPU
		Release|Any CPU = Release|Any CPU
	EndGlobalSection
	GlobalSection(ProjectConfigurationPlatforms) = postSolution
		{E6833E83-F0B2-47C3-AD8F-7E1BB1210CD9}.Debug|Any CPU.ActiveCfg = Debug|Any CPU
		{E6833E83-F0B2-47C3-AD8F-7E1BB1210CD9}.Debug|Any CPU.Build.0 = Debug|Any CPU
		{E6833E83-F0B2-47C3-AD8F-7E1BB1210CD9}.Release|Any CPU.ActiveCfg = Release|Any CPU
		{E6833E83-F0B2-47C3-AD8F-7E1BB1210CD9}.Release|Any CPU.Build.0 = Release|Any CPU
		{50740F59-1216-490C-982C-D81CE362874F}.Debug|Any CPU.ActiveCfg = Debug|Any CPU
		{50740F59-1216-490C-982C-D81CE362874F}.Debug|Any CPU.Build.0 = Debug|Any CPU
		{50740F59-1216-490C-982C-D81CE362874F}.Release|Any CPU.ActiveCfg = Release|Any CPU
		{50740F59-1216-490C-982C-D81CE362874F}.Release|Any CPU.Build.0 = Release|Any CPU
		{6A4A75C3-D9F3-4227-9B51-A2320FC71AF4}.Debug|Any CPU.ActiveCfg = Debug|Any CPU
		{6A4A75C3-D9F3-4227-9B51-A2320FC71AF4}.Debug|Any CPU.Build.0 = Debug|Any CPU
		{6A4A75C3-D9F3-4227-9B51-A2320FC71AF4}.Release|Any CPU.ActiveCfg = Release|Any CPU
		{6A4A75C3-D9F3-4227-9B51-A2320FC71AF4}.Release|Any CPU.Build.0 = Release|Any CPU
		{177D4E02-8F67-44C9-8B73-8E8581EBFB25}.Debug|Any CPU.ActiveCfg = Debug|Any CPU
		{177D4E02-8F67-44C9-8B73-8E8581EBFB25}.Debug|Any CPU.Build.0 = Debug|Any CPU
		{177D4E02-8F67-44C9-8B73-8E8581EBFB25}.Release|Any CPU.ActiveCfg = Release|Any CPU
		{177D4E02-8F67-44C9-8B73-8E8581EBFB25}.Release|Any CPU.Build.0 = Release|Any CPU
		{D74CF1BF-450E-46C1-8EEF-E70C91F050C2}.Debug|Any CPU.ActiveCfg = Debug|Any CPU
		{D74CF1BF-450E-46C1-8EEF-E70C91F050C2}.Debug|Any CPU.Build.0 = Debug|Any CPU
		{D74CF1BF-450E-46C1-8EEF-E70C91F050C2}.Release|Any CPU.ActiveCfg = Release|Any CPU
		{D74CF1BF-450E-46C1-8EEF-E70C91F050C2}.Release|Any CPU.Build.0 = Release|Any CPU
	EndGlobalSection
	GlobalSection(SolutionProperties) = preSolution
		HideSolutionNode = FALSE
	EndGlobalSection
	GlobalSection(NestedProjects) = preSolution
		{D74CF1BF-450E-46C1-8EEF-E70C91F050C2} = {1CF993A4-C6AA-4C08-9BB6-C2CDEAB40BB6}
	EndGlobalSection
	GlobalSection(ExtensibilityGlobals) = postSolution
		SolutionGuid = {69A4B167-568D-46F7-B135-8B3A508887F1}
	EndGlobalSection
EndGlobal
